{
  "name": "hubspot-api-go",
  "version": "0.1.0",
  "lockfileVersion": 2,
  "requires": true,
  "packages": {
    "": {
      "version": "0.1.0",
      "hasInstallScript": true,
      "license": "public",
      "devDependencies": {
        "husky": "^5.0.0"
      }
    },
    "node_modules/husky": {
      "version": "5.0.4",
      "resolved": "https://registry.npmjs.org/husky/-/husky-5.0.4.tgz",
      "integrity": "sha512-35tdr4zrmJrpMconZggELF8zzNuddp2NEpPc4AjplPoYJauPZU6WuvCCrJYOTZv5UUj9C15ikQWCcTXk4jJj9Q==",
      "dev": true,
      "funding": [
        {
          "type": "github",
          "url": "https://github.com/sponsors/typicode"
        },
        {
          "type": "opencollective",
          "url": "https://opencollective.com/husky"
        }
      ],
      "bin": {
        "husky": "lib/bin.js"
      },
      "engines": {
        "node": ">= 10"
      }
    }
  },
  "dependencies": {
    "husky": {
      "version": "5.0.4",
      "resolved": "https://registry.npmjs.org/husky/-/husky-5.0.4.tgz",
      "integrity": "sha512-35tdr4zrmJrpMconZggELF8zzNuddp2NEpPc4AjplPoYJauPZU6WuvCCrJYOTZv5UUj9C15ikQWCcTXk4jJj9Q==",
      "dev": true
    }
  }
}
